// !$*UTF8*$!
{
	archiveVersion = 1;
	classes = {
	};
	objectVersion = 52;
	objects = {

/* Begin PBXBuildFile section */
		1E34C14525F083B600BC1CF4 /* client_167617836893-ef4b5l9268r69gms2pf5rkrcif8nhnhk.apps.googleusercontent.com (1).plist in Resources */ = {isa = PBXBuildFile; fileRef = 1E34C14425F083B600BC1CF4 /* client_167617836893-ef4b5l9268r69gms2pf5rkrcif8nhnhk.apps.googleusercontent.com (1).plist */; };
		1E6D83C025D9D752009E8C16 /* PollenAppSwiftUIApp.swift in Sources */ = {isa = PBXBuildFile; fileRef = 1E6D83BF25D9D752009E8C16 /* PollenAppSwiftUIApp.swift */; };
		1E6D83C225D9D752009E8C16 /* ContentView.swift in Sources */ = {isa = PBXBuildFile; fileRef = 1E6D83C125D9D752009E8C16 /* ContentView.swift */; };
		1E6D83C425D9D753009E8C16 /* Assets.xcassets in Resources */ = {isa = PBXBuildFile; fileRef = 1E6D83C325D9D753009E8C16 /* Assets.xcassets */; };
		1E6D83C725D9D753009E8C16 /* Preview Assets.xcassets in Resources */ = {isa = PBXBuildFile; fileRef = 1E6D83C625D9D753009E8C16 /* Preview Assets.xcassets */; };
		1E6D83D025D9D7AF009E8C16 /* PollenInfo.swift in Sources */ = {isa = PBXBuildFile; fileRef = 1E6D83CF25D9D7AF009E8C16 /* PollenInfo.swift */; };
		1E6D83D325D9D7B3009E8C16 /* PollenInfoView.swift in Sources */ = {isa = PBXBuildFile; fileRef = 1E6D83D225D9D7B3009E8C16 /* PollenInfoView.swift */; };
		1E6D83D625D9D7B8009E8C16 /* pollenInfo.json in Resources */ = {isa = PBXBuildFile; fileRef = 1E6D83D525D9D7B8009E8C16 /* pollenInfo.json */; };
		1E6D83DC25D9DF24009E8C16 /* PollenCardView.swift in Sources */ = {isa = PBXBuildFile; fileRef = 1E6D83DB25D9DF24009E8C16 /* PollenCardView.swift */; };
		1E6D83E425D9E55A009E8C16 /* SwiftUICharts in Frameworks */ = {isa = PBXBuildFile; productRef = 1E6D83E325D9E55A009E8C16 /* SwiftUICharts */; };
		1E720D9725F9D872007ECA0D /* ExcelDataList.swift in Sources */ = {isa = PBXBuildFile; fileRef = 1E720D9625F9D872007ECA0D /* ExcelDataList.swift */; };
		1E720D9A25F9DF57007ECA0D /* NetworkManager.swift in Sources */ = {isa = PBXBuildFile; fileRef = 1E720D9925F9DF57007ECA0D /* NetworkManager.swift */; };
		1E720D9D25F9E16A007ECA0D /* ExcelDataRow.swift in Sources */ = {isa = PBXBuildFile; fileRef = 1E720D9C25F9E16A007ECA0D /* ExcelDataRow.swift */; };
		1E720DA025FD6E90007ECA0D /* SheetsListModel.swift in Sources */ = {isa = PBXBuildFile; fileRef = 1E720D9F25FD6E90007ECA0D /* SheetsListModel.swift */; };
		1EDE9F3926027D5600E8CE26 /* NewNetworkManager.swift in Sources */ = {isa = PBXBuildFile; fileRef = 1EDE9F3826027D5600E8CE26 /* NewNetworkManager.swift */; };
		1EDE9F412603F41300E8CE26 /* DataArrayModel.swift in Sources */ = {isa = PBXBuildFile; fileRef = 1EDE9F402603F41300E8CE26 /* DataArrayModel.swift */; };
		1EDE9F4A26040C8400E8CE26 /* SheetsDataTable.xcdatamodeld in Sources */ = {isa = PBXBuildFile; fileRef = 1EDE9F4826040C8400E8CE26 /* SheetsDataTable.xcdatamodeld */; };
		1EDE9F4D2604139300E8CE26 /* Persistance.swift in Sources */ = {isa = PBXBuildFile; fileRef = 1EDE9F4C2604139300E8CE26 /* Persistance.swift */; };
		1EDE9F5326045ED200E8CE26 /* FilterView.swift in Sources */ = {isa = PBXBuildFile; fileRef = 1EDE9F5226045ED200E8CE26 /* FilterView.swift */; };
		1EDE9F572604699600E8CE26 /* FilteredList.swift in Sources */ = {isa = PBXBuildFile; fileRef = 1EDE9F562604699600E8CE26 /* FilteredList.swift */; };
/* End PBXBuildFile section */

/* Begin PBXFileReference section */
		1E34C14425F083B600BC1CF4 /* client_167617836893-ef4b5l9268r69gms2pf5rkrcif8nhnhk.apps.googleusercontent.com (1).plist */ = {isa = PBXFileReference; fileEncoding = 4; lastKnownFileType = text.plist.xml; path = "client_167617836893-ef4b5l9268r69gms2pf5rkrcif8nhnhk.apps.googleusercontent.com (1).plist"; sourceTree = "<group>"; };
		1E6D83BC25D9D752009E8C16 /* PollenAppSwiftUI.app */ = {isa = PBXFileReference; explicitFileType = wrapper.application; includeInIndex = 0; path = PollenAppSwiftUI.app; sourceTree = BUILT_PRODUCTS_DIR; };
		1E6D83BF25D9D752009E8C16 /* PollenAppSwiftUIApp.swift */ = {isa = PBXFileReference; lastKnownFileType = sourcecode.swift; path = PollenAppSwiftUIApp.swift; sourceTree = "<group>"; };
		1E6D83C125D9D752009E8C16 /* ContentView.swift */ = {isa = PBXFileReference; lastKnownFileType = sourcecode.swift; path = ContentView.swift; sourceTree = "<group>"; };
		1E6D83C325D9D753009E8C16 /* Assets.xcassets */ = {isa = PBXFileReference; lastKnownFileType = folder.assetcatalog; path = Assets.xcassets; sourceTree = "<group>"; };
		1E6D83C625D9D753009E8C16 /* Preview Assets.xcassets */ = {isa = PBXFileReference; lastKnownFileType = folder.assetcatalog; path = "Preview Assets.xcassets"; sourceTree = "<group>"; };
		1E6D83C825D9D753009E8C16 /* Info.plist */ = {isa = PBXFileReference; lastKnownFileType = text.plist.xml; path = Info.plist; sourceTree = "<group>"; };
		1E6D83CF25D9D7AF009E8C16 /* PollenInfo.swift */ = {isa = PBXFileReference; fileEncoding = 4; lastKnownFileType = sourcecode.swift; path = PollenInfo.swift; sourceTree = "<group>"; };
		1E6D83D225D9D7B3009E8C16 /* PollenInfoView.swift */ = {isa = PBXFileReference; fileEncoding = 4; lastKnownFileType = sourcecode.swift; path = PollenInfoView.swift; sourceTree = "<group>"; };
		1E6D83D525D9D7B8009E8C16 /* pollenInfo.json */ = {isa = PBXFileReference; fileEncoding = 4; lastKnownFileType = text.json; path = pollenInfo.json; sourceTree = "<group>"; };
		1E6D83DB25D9DF24009E8C16 /* PollenCardView.swift */ = {isa = PBXFileReference; lastKnownFileType = sourcecode.swift; path = PollenCardView.swift; sourceTree = "<group>"; };
		1E720D9625F9D872007ECA0D /* ExcelDataList.swift */ = {isa = PBXFileReference; lastKnownFileType = sourcecode.swift; path = ExcelDataList.swift; sourceTree = "<group>"; };
		1E720D9925F9DF57007ECA0D /* NetworkManager.swift */ = {isa = PBXFileReference; lastKnownFileType = sourcecode.swift; path = NetworkManager.swift; sourceTree = "<group>"; };
		1E720D9C25F9E16A007ECA0D /* ExcelDataRow.swift */ = {isa = PBXFileReference; lastKnownFileType = sourcecode.swift; path = ExcelDataRow.swift; sourceTree = "<group>"; };
		1E720D9F25FD6E90007ECA0D /* SheetsListModel.swift */ = {isa = PBXFileReference; lastKnownFileType = sourcecode.swift; path = SheetsListModel.swift; sourceTree = "<group>"; };
		1EDE9F3826027D5600E8CE26 /* NewNetworkManager.swift */ = {isa = PBXFileReference; lastKnownFileType = sourcecode.swift; path = NewNetworkManager.swift; sourceTree = "<group>"; };
		1EDE9F402603F41300E8CE26 /* DataArrayModel.swift */ = {isa = PBXFileReference; lastKnownFileType = sourcecode.swift; path = DataArrayModel.swift; sourceTree = "<group>"; };
		1EDE9F4926040C8400E8CE26 /* SheetsDataTable.xcdatamodel */ = {isa = PBXFileReference; lastKnownFileType = wrapper.xcdatamodel; path = SheetsDataTable.xcdatamodel; sourceTree = "<group>"; };
		1EDE9F4C2604139300E8CE26 /* Persistance.swift */ = {isa = PBXFileReference; lastKnownFileType = sourcecode.swift; path = Persistance.swift; sourceTree = "<group>"; };
		1EDE9F5226045ED200E8CE26 /* FilterView.swift */ = {isa = PBXFileReference; lastKnownFileType = sourcecode.swift; path = FilterView.swift; sourceTree = "<group>"; };
		1EDE9F562604699600E8CE26 /* FilteredList.swift */ = {isa = PBXFileReference; lastKnownFileType = sourcecode.swift; path = FilteredList.swift; sourceTree = "<group>"; };
/* End PBXFileReference section */

/* Begin PBXFrameworksBuildPhase section */
		1E6D83B925D9D752009E8C16 /* Frameworks */ = {
			isa = PBXFrameworksBuildPhase;
			buildActionMask = 2147483647;
			files = (
				1E6D83E425D9E55A009E8C16 /* SwiftUICharts in Frameworks */,
			);
			runOnlyForDeploymentPostprocessing = 0;
		};
/* End PBXFrameworksBuildPhase section */

/* Begin PBXGroup section */
		1E6D83B325D9D752009E8C16 = {
			isa = PBXGroup;
			children = (
				1E6D83BE25D9D752009E8C16 /* PollenAppSwiftUI */,
				1E6D83BD25D9D752009E8C16 /* Products */,
			);
			sourceTree = "<group>";
		};
		1E6D83BD25D9D752009E8C16 /* Products */ = {
			isa = PBXGroup;
			children = (
				1E6D83BC25D9D752009E8C16 /* PollenAppSwiftUI.app */,
			);
			name = Products;
			sourceTree = "<group>";
		};
		1E6D83BE25D9D752009E8C16 /* PollenAppSwiftUI */ = {
			isa = PBXGroup;
			children = (
				1E720D8E25F9D710007ECA0D /* Network */,
				1E720D8D25F9D6FE007ECA0D /* Views */,
				1E720D8C25F9D6F8007ECA0D /* Model */,
				1E6D83BF25D9D752009E8C16 /* PollenAppSwiftUIApp.swift */,
				1E6D83C325D9D753009E8C16 /* Assets.xcassets */,
				1E6D83C825D9D753009E8C16 /* Info.plist */,
				1E34C14425F083B600BC1CF4 /* client_167617836893-ef4b5l9268r69gms2pf5rkrcif8nhnhk.apps.googleusercontent.com (1).plist */,
				1E6D83D525D9D7B8009E8C16 /* pollenInfo.json */,
				1E6D83DB25D9DF24009E8C16 /* PollenCardView.swift */,
				1EDE9F4826040C8400E8CE26 /* SheetsDataTable.xcdatamodeld */,
				1EDE9F4C2604139300E8CE26 /* Persistance.swift */,
				1E6D83C525D9D753009E8C16 /* Preview Content */,
			);
			path = PollenAppSwiftUI;
			sourceTree = "<group>";
		};
		1E6D83C525D9D753009E8C16 /* Preview Content */ = {
			isa = PBXGroup;
			children = (
				1E6D83C625D9D753009E8C16 /* Preview Assets.xcassets */,
			);
			path = "Preview Content";
			sourceTree = "<group>";
		};
		1E720D8C25F9D6F8007ECA0D /* Model */ = {
			isa = PBXGroup;
			children = (
				1E6D83CF25D9D7AF009E8C16 /* PollenInfo.swift */,
				1E720D9625F9D872007ECA0D /* ExcelDataList.swift */,
				1E720D9F25FD6E90007ECA0D /* SheetsListModel.swift */,
				1EDE9F402603F41300E8CE26 /* DataArrayModel.swift */,
			);
			path = Model;
			sourceTree = "<group>";
		};
		1E720D8D25F9D6FE007ECA0D /* Views */ = {
			isa = PBXGroup;
			children = (
				1E6D83D225D9D7B3009E8C16 /* PollenInfoView.swift */,
				1E6D83C125D9D752009E8C16 /* ContentView.swift */,
				1E720D9C25F9E16A007ECA0D /* ExcelDataRow.swift */,
				1EDE9F5226045ED200E8CE26 /* FilterView.swift */,
				1EDE9F562604699600E8CE26 /* FilteredList.swift */,
			);
			path = Views;
			sourceTree = "<group>";
		};
		1E720D8E25F9D710007ECA0D /* Network */ = {
			isa = PBXGroup;
			children = (
				1E720D9925F9DF57007ECA0D /* NetworkManager.swift */,
				1EDE9F3826027D5600E8CE26 /* NewNetworkManager.swift */,
			);
			path = Network;
			sourceTree = "<group>";
		};
/* End PBXGroup section */

/* Begin PBXNativeTarget section */
		1E6D83BB25D9D752009E8C16 /* PollenAppSwiftUI */ = {
			isa = PBXNativeTarget;
			buildConfigurationList = 1E6D83CB25D9D753009E8C16 /* Build configuration list for PBXNativeTarget "PollenAppSwiftUI" */;
			buildPhases = (
				1E6D83B825D9D752009E8C16 /* Sources */,
				1E6D83B925D9D752009E8C16 /* Frameworks */,
				1E6D83BA25D9D752009E8C16 /* Resources */,
			);
			buildRules = (
			);
			dependencies = (
			);
			name = PollenAppSwiftUI;
			packageProductDependencies = (
				1E6D83E325D9E55A009E8C16 /* SwiftUICharts */,
			);
			productName = PollenAppSwiftUI;
			productReference = 1E6D83BC25D9D752009E8C16 /* PollenAppSwiftUI.app */;
			productType = "com.apple.product-type.application";
		};
/* End PBXNativeTarget section */

/* Begin PBXProject section */
		1E6D83B425D9D752009E8C16 /* Project object */ = {
			isa = PBXProject;
			attributes = {
				LastSwiftUpdateCheck = 1230;
				LastUpgradeCheck = 1230;
				TargetAttributes = {
					1E6D83BB25D9D752009E8C16 = {
						CreatedOnToolsVersion = 12.3;
					};
				};
			};
			buildConfigurationList = 1E6D83B725D9D752009E8C16 /* Build configuration list for PBXProject "PollenAppSwiftUI" */;
			compatibilityVersion = "Xcode 9.3";
			developmentRegion = en;
			hasScannedForEncodings = 0;
			knownRegions = (
				en,
				Base,
			);
			mainGroup = 1E6D83B325D9D752009E8C16;
			packageReferences = (
				1E6D83E225D9E55A009E8C16 /* XCRemoteSwiftPackageReference "ChartView" */,
			);
			productRefGroup = 1E6D83BD25D9D752009E8C16 /* Products */;
			projectDirPath = "";
			projectRoot = "";
			targets = (
				1E6D83BB25D9D752009E8C16 /* PollenAppSwiftUI */,
			);
		};
/* End PBXProject section */

/* Begin PBXResourcesBuildPhase section */
		1E6D83BA25D9D752009E8C16 /* Resources */ = {
			isa = PBXResourcesBuildPhase;
			buildActionMask = 2147483647;
			files = (
				1E6D83C725D9D753009E8C16 /* Preview Assets.xcassets in Resources */,
				1E34C14525F083B600BC1CF4 /* client_167617836893-ef4b5l9268r69gms2pf5rkrcif8nhnhk.apps.googleusercontent.com (1).plist in Resources */,
				1E6D83C425D9D753009E8C16 /* Assets.xcassets in Resources */,
				1E6D83D625D9D7B8009E8C16 /* pollenInfo.json in Resources */,
			);
			runOnlyForDeploymentPostprocessing = 0;
		};
/* End PBXResourcesBuildPhase section */

/* Begin PBXSourcesBuildPhase section */
		1E6D83B825D9D752009E8C16 /* Sources */ = {
			isa = PBXSourcesBuildPhase;
			buildActionMask = 2147483647;
			files = (
				1E6D83D325D9D7B3009E8C16 /* PollenInfoView.swift in Sources */,
				1EDE9F4D2604139300E8CE26 /* Persistance.swift in Sources */,
				1EDE9F572604699600E8CE26 /* FilteredList.swift in Sources */,
				1E6D83D025D9D7AF009E8C16 /* PollenInfo.swift in Sources */,
				1EDE9F4A26040C8400E8CE26 /* SheetsDataTable.xcdatamodeld in Sources */,
				1EDE9F5326045ED200E8CE26 /* FilterView.swift in Sources */,
				1E6D83C225D9D752009E8C16 /* ContentView.swift in Sources */,
				1E720DA025FD6E90007ECA0D /* SheetsListModel.swift in Sources */,
				1EDE9F3926027D5600E8CE26 /* NewNetworkManager.swift in Sources */,
				1E720D9725F9D872007ECA0D /* ExcelDataList.swift in Sources */,
				1E720D9A25F9DF57007ECA0D /* NetworkManager.swift in Sources */,
				1EDE9F412603F41300E8CE26 /* DataArrayModel.swift in Sources */,
				1E720D9D25F9E16A007ECA0D /* ExcelDataRow.swift in Sources */,
				1E6D83C025D9D752009E8C16 /* PollenAppSwiftUIApp.swift in Sources */,
				1E6D83DC25D9DF24009E8C16 /* PollenCardView.swift in Sources */,
			);
			runOnlyForDeploymentPostprocessing = 0;
		};
/* End PBXSourcesBuildPhase section */

/* Begin XCBuildConfiguration section */
		1E6D83C925D9D753009E8C16 /* Debug */ = {
			isa = XCBuildConfiguration;
			buildSettings = {
				ALWAYS_SEARCH_USER_PATHS = NO;
				CLANG_ANALYZER_NONNULL = YES;
				CLANG_ANALYZER_NUMBER_OBJECT_CONVERSION = YES_AGGRESSIVE;
				CLANG_CXX_LANGUAGE_STANDARD = "gnu++14";
				CLANG_CXX_LIBRARY = "libc++";
				CLANG_ENABLE_MODULES = YES;
				CLANG_ENABLE_OBJC_ARC = YES;
				CLANG_ENABLE_OBJC_WEAK = YES;
				CLANG_WARN_BLOCK_CAPTURE_AUTORELEASING = YES;
				CLANG_WARN_BOOL_CONVERSION = YES;
				CLANG_WARN_COMMA = YES;
				CLANG_WARN_CONSTANT_CONVERSION = YES;
				CLANG_WARN_DEPRECATED_OBJC_IMPLEMENTATIONS = YES;
				CLANG_WARN_DIRECT_OBJC_ISA_USAGE = YES_ERROR;
				CLANG_WARN_DOCUMENTATION_COMMENTS = YES;
				CLANG_WARN_EMPTY_BODY = YES;
				CLANG_WARN_ENUM_CONVERSION = YES;
				CLANG_WARN_INFINITE_RECURSION = YES;
				CLANG_WARN_INT_CONVERSION = YES;
				CLANG_WARN_NON_LITERAL_NULL_CONVERSION = YES;
				CLANG_WARN_OBJC_IMPLICIT_RETAIN_SELF = YES;
				CLANG_WARN_OBJC_LITERAL_CONVERSION = YES;
				CLANG_WARN_OBJC_ROOT_CLASS = YES_ERROR;
				CLANG_WARN_QUOTED_INCLUDE_IN_FRAMEWORK_HEADER = YES;
				CLANG_WARN_RANGE_LOOP_ANALYSIS = YES;
				CLANG_WARN_STRICT_PROTOTYPES = YES;
				CLANG_WARN_SUSPICIOUS_MOVE = YES;
				CLANG_WARN_UNGUARDED_AVAILABILITY = YES_AGGRESSIVE;
				CLANG_WARN_UNREACHABLE_CODE = YES;
				CLANG_WARN__DUPLICATE_METHOD_MATCH = YES;
				COPY_PHASE_STRIP = NO;
				DEBUG_INFORMATION_FORMAT = dwarf;
				ENABLE_STRICT_OBJC_MSGSEND = YES;
				ENABLE_TESTABILITY = YES;
				GCC_C_LANGUAGE_STANDARD = gnu11;
				GCC_DYNAMIC_NO_PIC = NO;
				GCC_NO_COMMON_BLOCKS = YES;
				GCC_OPTIMIZATION_LEVEL = 0;
				GCC_PREPROCESSOR_DEFINITIONS = (
					"DEBUG=1",
					"$(inherited)",
				);
				GCC_WARN_64_TO_32_BIT_CONVERSION = YES;
				GCC_WARN_ABOUT_RETURN_TYPE = YES_ERROR;
				GCC_WARN_UNDECLARED_SELECTOR = YES;
				GCC_WARN_UNINITIALIZED_AUTOS = YES_AGGRESSIVE;
				GCC_WARN_UNUSED_FUNCTION = YES;
				GCC_WARN_UNUSED_VARIABLE = YES;
				IPHONEOS_DEPLOYMENT_TARGET = 14.3;
				MTL_ENABLE_DEBUG_INFO = INCLUDE_SOURCE;
				MTL_FAST_MATH = YES;
				ONLY_ACTIVE_ARCH = YES;
				SDKROOT = iphoneos;
				SWIFT_ACTIVE_COMPILATION_CONDITIONS = DEBUG;
				SWIFT_OPTIMIZATION_LEVEL = "-Onone";
			};
			name = Debug;
		};
		1E6D83CA25D9D753009E8C16 /* Release */ = {
			isa = XCBuildConfiguration;
			buildSettings = {
				ALWAYS_SEARCH_USER_PATHS = NO;
				CLANG_ANALYZER_NONNULL = YES;
				CLANG_ANALYZER_NUMBER_OBJECT_CONVERSION = YES_AGGRESSIVE;
				CLANG_CXX_LANGUAGE_STANDARD = "gnu++14";
				CLANG_CXX_LIBRARY = "libc++";
				CLANG_ENABLE_MODULES = YES;
				CLANG_ENABLE_OBJC_ARC = YES;
				CLANG_ENABLE_OBJC_WEAK = YES;
				CLANG_WARN_BLOCK_CAPTURE_AUTORELEASING = YES;
				CLANG_WARN_BOOL_CONVERSION = YES;
				CLANG_WARN_COMMA = YES;
				CLANG_WARN_CONSTANT_CONVERSION = YES;
				CLANG_WARN_DEPRECATED_OBJC_IMPLEMENTATIONS = YES;
				CLANG_WARN_DIRECT_OBJC_ISA_USAGE = YES_ERROR;
				CLANG_WARN_DOCUMENTATION_COMMENTS = YES;
				CLANG_WARN_EMPTY_BODY = YES;
				CLANG_WARN_ENUM_CONVERSION = YES;
				CLANG_WARN_INFINITE_RECURSION = YES;
				CLANG_WARN_INT_CONVERSION = YES;
				CLANG_WARN_NON_LITERAL_NULL_CONVERSION = YES;
				CLANG_WARN_OBJC_IMPLICIT_RETAIN_SELF = YES;
				CLANG_WARN_OBJC_LITERAL_CONVERSION = YES;
				CLANG_WARN_OBJC_ROOT_CLASS = YES_ERROR;
				CLANG_WARN_QUOTED_INCLUDE_IN_FRAMEWORK_HEADER = YES;
				CLANG_WARN_RANGE_LOOP_ANALYSIS = YES;
				CLANG_WARN_STRICT_PROTOTYPES = YES;
				CLANG_WARN_SUSPICIOUS_MOVE = YES;
				CLANG_WARN_UNGUARDED_AVAILABILITY = YES_AGGRESSIVE;
				CLANG_WARN_UNREACHABLE_CODE = YES;
				CLANG_WARN__DUPLICATE_METHOD_MATCH = YES;
				COPY_PHASE_STRIP = NO;
				DEBUG_INFORMATION_FORMAT = "dwarf-with-dsym";
				ENABLE_NS_ASSERTIONS = NO;
				ENABLE_STRICT_OBJC_MSGSEND = YES;
				GCC_C_LANGUAGE_STANDARD = gnu11;
				GCC_NO_COMMON_BLOCKS = YES;
				GCC_WARN_64_TO_32_BIT_CONVERSION = YES;
				GCC_WARN_ABOUT_RETURN_TYPE = YES_ERROR;
				GCC_WARN_UNDECLARED_SELECTOR = YES;
				GCC_WARN_UNINITIALIZED_AUTOS = YES_AGGRESSIVE;
				GCC_WARN_UNUSED_FUNCTION = YES;
				GCC_WARN_UNUSED_VARIABLE = YES;
				IPHONEOS_DEPLOYMENT_TARGET = 14.3;
				MTL_ENABLE_DEBUG_INFO = NO;
				MTL_FAST_MATH = YES;
				SDKROOT = iphoneos;
				SWIFT_COMPILATION_MODE = wholemodule;
				SWIFT_OPTIMIZATION_LEVEL = "-O";
				VALIDATE_PRODUCT = YES;
			};
			name = Release;
		};
		1E6D83CC25D9D753009E8C16 /* Debug */ = {
			isa = XCBuildConfiguration;
			buildSettings = {
				ASSETCATALOG_COMPILER_APPICON_NAME = AppIcon;
				ASSETCATALOG_COMPILER_GLOBAL_ACCENT_COLOR_NAME = AccentColor;
				CODE_SIGN_STYLE = Automatic;
				DEVELOPMENT_ASSET_PATHS = "\"PollenAppSwiftUI/Preview Content\"";
				DEVELOPMENT_TEAM = R7DR32825H;
				ENABLE_PREVIEWS = YES;
				INFOPLIST_FILE = PollenAppSwiftUI/Info.plist;
				IPHONEOS_DEPLOYMENT_TARGET = 14.0;
				LD_RUNPATH_SEARCH_PATHS = (
					"$(inherited)",
					"@executable_path/Frameworks",
				);
				PRODUCT_BUNDLE_IDENTIFIER = sabri.PollenAppSwiftUI;
				PRODUCT_NAME = "$(TARGET_NAME)";
				SWIFT_VERSION = 5.0;
				TARGETED_DEVICE_FAMILY = "1,2";
			};
			name = Debug;
		};
		1E6D83CD25D9D753009E8C16 /* Release */ = {
			isa = XCBuildConfiguration;
			buildSettings = {
				ASSETCATALOG_COMPILER_APPICON_NAME = AppIcon;
				ASSETCATALOG_COMPILER_GLOBAL_ACCENT_COLOR_NAME = AccentColor;
				CODE_SIGN_STYLE = Automatic;
				DEVELOPMENT_ASSET_PATHS = "\"PollenAppSwiftUI/Preview Content\"";
				DEVELOPMENT_TEAM = R7DR32825H;
				ENABLE_PREVIEWS = YES;
				INFOPLIST_FILE = PollenAppSwiftUI/Info.plist;
				IPHONEOS_DEPLOYMENT_TARGET = 14.0;
				LD_RUNPATH_SEARCH_PATHS = (
					"$(inherited)",
					"@executable_path/Frameworks",
				);
				PRODUCT_BUNDLE_IDENTIFIER = sabri.PollenAppSwiftUI;
				PRODUCT_NAME = "$(TARGET_NAME)";
				SWIFT_VERSION = 5.0;
				TARGETED_DEVICE_FAMILY = "1,2";
			};
			name = Release;
		};
/* End XCBuildConfiguration section */

/* Begin XCConfigurationList section */
		1E6D83B725D9D752009E8C16 /* Build configuration list for PBXProject "PollenAppSwiftUI" */ = {
			isa = XCConfigurationList;
			buildConfigurations = (
				1E6D83C925D9D753009E8C16 /* Debug */,
				1E6D83CA25D9D753009E8C16 /* Release */,
			);
			defaultConfigurationIsVisible = 0;
			defaultConfigurationName = Release;
		};
		1E6D83CB25D9D753009E8C16 /* Build configuration list for PBXNativeTarget "PollenAppSwiftUI" */ = {
			isa = XCConfigurationList;
			buildConfigurations = (
				1E6D83CC25D9D753009E8C16 /* Debug */,
				1E6D83CD25D9D753009E8C16 /* Release */,
			);
			defaultConfigurationIsVisible = 0;
			defaultConfigurationName = Release;
		};
/* End XCConfigurationList section */

/* Begin XCRemoteSwiftPackageReference section */
		1E6D83E225D9E55A009E8C16 /* XCRemoteSwiftPackageReference "ChartView" */ = {
			isa = XCRemoteSwiftPackageReference;
			repositoryURL = "https://github.com/AppPear/ChartView";
			requirement = {
				kind = upToNextMajorVersion;
				minimumVersion = 1.5.4;
			};
		};
/* End XCRemoteSwiftPackageReference section */

/* Begin XCSwiftPackageProductDependency section */
		1E6D83E325D9E55A009E8C16 /* SwiftUICharts */ = {
			isa = XCSwiftPackageProductDependency;
			package = 1E6D83E225D9E55A009E8C16 /* XCRemoteSwiftPackageReference "ChartView" */;
			productName = SwiftUICharts;
		};
/* End XCSwiftPackageProductDependency section */

/* Begin XCVersionGroup section */
		1EDE9F4826040C8400E8CE26 /* SheetsDataTable.xcdatamodeld */ = {
			isa = XCVersionGroup;
			children = (
				1EDE9F4926040C8400E8CE26 /* SheetsDataTable.xcdatamodel */,
			);
			currentVersion = 1EDE9F4926040C8400E8CE26 /* SheetsDataTable.xcdatamodel */;
			path = SheetsDataTable.xcdatamodeld;
			sourceTree = "<group>";
			versionGroupType = wrapper.xcdatamodel;
		};
/* End XCVersionGroup section */
	};
	rootObject = 1E6D83B425D9D752009E8C16 /* Project object */;
}
